PODS:
  - Flutter (1.0.0)
  - flutter_audio_capture (1.1.4):
    - Flutter

DEPENDENCIES:
  - Flutter (from `Flutter`)
  - flutter_audio_capture (from `.symlinks/plugins/flutter_audio_capture/ios`)

EXTERNAL SOURCES:
  Flutter:
    :path: Flutter
  flutter_audio_capture:
    :path: ".symlinks/plugins/flutter_audio_capture/ios"

SPEC CHECKSUMS:
  Flutter: f04841e97a9d0b0a8025694d0796dd46242b2854
  flutter_audio_capture: 93ef890ac148f093d168c33258c3a161b8f5e04b

PODFILE CHECKSUM: 1f634a18643bc8f74f66ad61dc1d74e73334259e

COCOAPODS: 1.11.3
